
Microsoft Visual Studio Solution File, Format Version 12.00
# Visual Studio Version 17
VisualStudioVersion = 17.10.35013.160
MinimumVisualStudioVersion = 10.0.40219.1
Project("{9A19103F-16F7-4668-BE54-9A1E7A4F7556}") = "GenerateQR", "GenerateQR\GenerateQR.csproj", "{020A2B3B-33E6-464E-BDA0-FDC99B149C36}"
EndProject
Project("{FAE04EC0-301F-11D3-BF4B-00C04F79EFBC}") = "GenerateQR.Tests", "GenerateQR.Tests\GenerateQR.Tests.csproj", "{AB668904-DCC9-4A3C-ABD3-BCE30F87A00C}"
EndProject
Global
	GlobalSection(SolutionConfigurationPlatforms) = preSolution
		Debug|Any CPU = Debug|Any CPU
		Release|Any CPU = Release|Any CPU
	EndGlobalSection
	GlobalSection(ProjectConfigurationPlatforms) = postSolution
		{020A2B3B-33E6-464E-BDA0-FDC99B149C36}.Debug|Any CPU.ActiveCfg = Debug|Any CPU
		{020A2B3B-33E6-464E-BDA0-FDC99B149C36}.Debug|Any CPU.Build.0 = Debug|Any CPU
		{020A2B3B-33E6-464E-BDA0-FDC99B149C36}.Release|Any CPU.ActiveCfg = Release|Any CPU
		{020A2B3B-33E6-464E-BDA0-FDC99B149C36}.Release|Any CPU.Build.0 = Release|Any CPU
		{AB668904-DCC9-4A3C-ABD3-BCE30F87A00C}.Debug|Any CPU.ActiveCfg = Debug|Any CPU
		{AB668904-DCC9-4A3C-ABD3-BCE30F87A00C}.Debug|Any CPU.Build.0 = Debug|Any CPU
		{AB668904-DCC9-4A3C-ABD3-BCE30F87A00C}.Release|Any CPU.ActiveCfg = Release|Any CPU
		{AB668904-DCC9-4A3C-ABD3-BCE30F87A00C}.Release|Any CPU.Build.0 = Release|Any CPU
	EndGlobalSection
	GlobalSection(SolutionProperties) = preSolution
		HideSolutionNode = FALSE
	EndGlobalSection
	GlobalSection(ExtensibilityGlobals) = postSolution
		SolutionGuid = {9AD02595-DE90-46C6-955E-CA8C2C4A827F}
	EndGlobalSection
	GlobalSection(TeamFoundationVersionControl) = preSolution
		SccNumberOfProjects = 2
		SccEnterpriseProvider = {4CA58AB2-18FA-4F8D-95D4-32DDF27D184C}
		SccTeamFoundationServer = https://dev.azure.com/dhsplatform
		SccLocalPath0 = .
		SccProjectUniqueName1 = GenerateQR\\GenerateQR.csproj
		SccProjectName1 = GenerateQR
		SccLocalPath1 = GenerateQR
	EndGlobalSection
EndGlobal
