
Microsoft Visual Studio Solution File, Format Version 12.00
# Visual Studio Version 17
VisualStudioVersion = 17.0.31903.59
MinimumVisualStudioVersion = 10.0.40219.1
Project("{2150E333-8FDC-42A3-9474-1A3956D46DE8}") = "src", "src", "{91EE6622-66CC-4F23-8D96-9AE61A54DDD9}"
EndProject
Project("{FAE04EC0-301F-11D3-BF4B-00C04F79EFBC}") = "GenerateQR", "src\GenerateQR\GenerateQR.csproj", "{7A2CE209-67AB-433D-9434-D9406BBE5A92}"
EndProject
Project("{2150E333-8FDC-42A3-9474-1A3956D46DE8}") = "tests", "tests", "{890E49EE-98AE-4CB3-B58F-27B79565976F}"
EndProject
Project("{FAE04EC0-301F-11D3-BF4B-00C04F79EFBC}") = "GenerateQR.Tests", "tests\GenerateQR.Tests\GenerateQR.Tests.csproj", "{37A56A4D-2C37-42F8-AE00-5F2274A4F78A}"
EndProject
Global
	GlobalSection(SolutionConfigurationPlatforms) = preSolution
		Debug|Any CPU = Debug|Any CPU
		Release|Any CPU = Release|Any CPU
	EndGlobalSection
	GlobalSection(SolutionProperties) = preSolution
		HideSolutionNode = FALSE
	EndGlobalSection
	GlobalSection(ProjectConfigurationPlatforms) = postSolution
		{7A2CE209-67AB-433D-9434-D9406BBE5A92}.Debug|Any CPU.ActiveCfg = Debug|Any CPU
		{7A2CE209-67AB-433D-9434-D9406BBE5A92}.Debug|Any CPU.Build.0 = Debug|Any CPU
		{7A2CE209-67AB-433D-9434-D9406BBE5A92}.Release|Any CPU.ActiveCfg = Release|Any CPU
		{7A2CE209-67AB-433D-9434-D9406BBE5A92}.Release|Any CPU.Build.0 = Release|Any CPU
		{37A56A4D-2C37-42F8-AE00-5F2274A4F78A}.Debug|Any CPU.ActiveCfg = Debug|Any CPU
		{37A56A4D-2C37-42F8-AE00-5F2274A4F78A}.Debug|Any CPU.Build.0 = Debug|Any CPU
		{37A56A4D-2C37-42F8-AE00-5F2274A4F78A}.Release|Any CPU.ActiveCfg = Release|Any CPU
		{37A56A4D-2C37-42F8-AE00-5F2274A4F78A}.Release|Any CPU.Build.0 = Release|Any CPU
	EndGlobalSection
	GlobalSection(NestedProjects) = preSolution
		{7A2CE209-67AB-433D-9434-D9406BBE5A92} = {91EE6622-66CC-4F23-8D96-9AE61A54DDD9}
		{37A56A4D-2C37-42F8-AE00-5F2274A4F78A} = {890E49EE-98AE-4CB3-B58F-27B79565976F}
	EndGlobalSection
EndGlobal
